<?xml version="1.0" encoding="utf-8"?>
<Project ToolsVersion="4.0" xmlns="http://schemas.microsoft.com/developer/msbuild/2003">
  <ItemGroup>
    <Filter Include="소스 파일">
      <UniqueIdentifier>{4FC737F1-C7A5-4376-A066-2A32D752A2FF}</UniqueIdentifier>
      <Extensions>cpp;c;cc;cxx;c++;cppm;ixx;def;odl;idl;hpj;bat;asm;asmx</Extensions>
    </Filter>
    <Filter Include="헤더 파일">
      <UniqueIdentifier>{93995380-89BD-4b04-88EB-625FBE52EBFB}</UniqueIdentifier>
      <Extensions>h;hh;hpp;hxx;h++;hm;inl;inc;ipp;xsd</Extensions>
    </Filter>
    <Filter Include="리소스 파일">
      <UniqueIdentifier>{67DA6AB6-F800-4c08-8B7A-83BB121AAD01}</UniqueIdentifier>
      <Extensions>rc;ico;cur;bmp;dlg;rc2;rct;bin;rgs;gif;jpg;jpeg;jpe;resx;tiff;tif;png;wav;mfcribbon-ms</Extensions>
    </Filter>
    <Filter Include="헤더 파일\Default">
      <UniqueIdentifier>{90fb0189-1454-4385-8c99-e03277548dfe}</UniqueIdentifier>
    </Filter>
    <Filter Include="Scripts">
      <UniqueIdentifier>{af4e564c-f20c-4995-8530-85879f0f6ff6}</UniqueIdentifier>
    </Filter>
    <Filter Include="Scene3">
      <UniqueIdentifier>{fc496592-34d2-461e-bacf-8490df473cdd}</UniqueIdentifier>
    </Filter>
    <Filter Include="Scene">
      <UniqueIdentifier>{229cd3c0-7c9f-4eeb-bc0b-5bdaa0dc66a3}</UniqueIdentifier>
    </Filter>
  </ItemGroup>
  <ItemGroup>
    <ClInclude Include="framework.h">
      <Filter>헤더 파일\Default</Filter>
    </ClInclude>
    <ClInclude Include="Resource.h">
      <Filter>헤더 파일\Default</Filter>
    </ClInclude>
    <ClInclude Include="targetver.h">
      <Filter>헤더 파일\Default</Filter>
    </ClInclude>
    <ClInclude Include="PlayerMove.h">
      <Filter>Scripts</Filter>
    </ClInclude>
    <ClInclude Include="BaseScript.h">
      <Filter>Scripts</Filter>
    </ClInclude>
    <ClInclude Include="GameProject.h">
      <Filter>헤더 파일</Filter>
    </ClInclude>
    <ClInclude Include="Scene2.h">
      <Filter>Scene</Filter>
    </ClInclude>
    <ClInclude Include="Scene1.h">
      <Filter>Scene</Filter>
    </ClInclude>
    <ClInclude Include="Player.h">
      <Filter>Scene3</Filter>
    </ClInclude>
  </ItemGroup>
  <ItemGroup>
    <ResourceCompile Include="Client.rc">
      <Filter>리소스 파일</Filter>
    </ResourceCompile>
  </ItemGroup>
  <ItemGroup>
    <Image Include="small.ico">
      <Filter>리소스 파일</Filter>
    </Image>
    <Image Include="Client.ico">
      <Filter>리소스 파일</Filter>
    </Image>
  </ItemGroup>
  <ItemGroup>
    <ClCompile Include="Main.cpp">
      <Filter>소스 파일</Filter>
    </ClCompile>
    <ClCompile Include="PlayerMove.cpp">
      <Filter>Scripts</Filter>
    </ClCompile>
    <ClCompile Include="BaseScript.cpp">
      <Filter>Scripts</Filter>
    </ClCompile>
    <ClCompile Include="GameProject.cpp">
      <Filter>소스 파일</Filter>
    </ClCompile>
    <ClCompile Include="Scene1.cpp">
      <Filter>Scene</Filter>
    </ClCompile>
    <ClCompile Include="Scene2.cpp">
      <Filter>Scene</Filter>
    </ClCompile>
    <ClCompile Include="Player.cpp">
      <Filter>Scene3</Filter>
    </ClCompile>
  </ItemGroup>
</Project>