<?xml version="1.0" encoding="utf-8"?>
<Project ToolsVersion="4.0" xmlns="http://schemas.microsoft.com/developer/msbuild/2003">
  <ItemGroup>
    <Filter Include="소스 파일">
      <UniqueIdentifier>{4FC737F1-C7A5-4376-A066-2A32D752A2FF}</UniqueIdentifier>
      <Extensions>cpp;c;cc;cxx;c++;cppm;ixx;def;odl;idl;hpj;bat;asm;asmx</Extensions>
    </Filter>
    <Filter Include="헤더 파일">
      <UniqueIdentifier>{93995380-89BD-4b04-88EB-625FBE52EBFB}</UniqueIdentifier>
      <Extensions>h;hh;hpp;hxx;h++;hm;inl;inc;ipp;xsd</Extensions>
    </Filter>
    <Filter Include="리소스 파일">
      <UniqueIdentifier>{67DA6AB6-F800-4c08-8B7A-83BB121AAD01}</UniqueIdentifier>
      <Extensions>rc;ico;cur;bmp;dlg;rc2;rct;bin;rgs;gif;jpg;jpeg;jpe;resx;tiff;tif;png;wav;mfcribbon-ms</Extensions>
    </Filter>
    <Filter Include="Unity">
      <UniqueIdentifier>{7adddac3-9b05-48a1-835b-2e90986d37eb}</UniqueIdentifier>
    </Filter>
    <Filter Include="Component">
      <UniqueIdentifier>{8511af40-b237-4d78-a92b-2b2d5a97abd6}</UniqueIdentifier>
    </Filter>
    <Filter Include="Manager">
      <UniqueIdentifier>{05fb8dde-2d21-46c9-a97b-42b65267cf93}</UniqueIdentifier>
    </Filter>
  </ItemGroup>
  <ItemGroup>
    <ClInclude Include="framework.h">
      <Filter>헤더 파일</Filter>
    </ClInclude>
    <ClInclude Include="targetver.h">
      <Filter>헤더 파일</Filter>
    </ClInclude>
    <ClInclude Include="Resource.h">
      <Filter>헤더 파일</Filter>
    </ClInclude>
    <ClInclude Include="CommonInclude.h">
      <Filter>헤더 파일</Filter>
    </ClInclude>
    <ClInclude Include="Component.h">
      <Filter>Unity</Filter>
    </ClInclude>
    <ClInclude Include="GameObject.h">
      <Filter>Unity</Filter>
    </ClInclude>
    <ClInclude Include="Core.h">
      <Filter>Unity</Filter>
    </ClInclude>
    <ClInclude Include="SpriteRenderer.h">
      <Filter>Component</Filter>
    </ClInclude>
    <ClInclude Include="Renderer.h">
      <Filter>Unity</Filter>
    </ClInclude>
    <ClInclude Include="TransForm.h">
      <Filter>Component</Filter>
    </ClInclude>
    <ClInclude Include="RectangleRenderer.h">
      <Filter>Component</Filter>
    </ClInclude>
    <ClInclude Include="Spinning.h">
      <Filter>Component</Filter>
    </ClInclude>
    <ClInclude Include="TimeManager.h">
      <Filter>Manager</Filter>
    </ClInclude>
    <ClInclude Include="ResourceManager.h">
      <Filter>Manager</Filter>
    </ClInclude>
    <ClInclude Include="ReferenceCounter.h">
      <Filter>헤더 파일</Filter>
    </ClInclude>
    <ClInclude Include="AnimationAsset.h">
      <Filter>헤더 파일</Filter>
    </ClInclude>
    <ClInclude Include="Animator.h">
      <Filter>Component</Filter>
    </ClInclude>
    <ClInclude Include="VideoMemoryDisplay.h">
      <Filter>Component</Filter>
    </ClInclude>
    <ClInclude Include="Defines.h">
      <Filter>헤더 파일</Filter>
    </ClInclude>
    <ClInclude Include="InputManager.h">
      <Filter>Manager</Filter>
    </ClInclude>
  </ItemGroup>
  <ItemGroup>
    <ClCompile Include="Component.cpp">
      <Filter>Unity</Filter>
    </ClCompile>
    <ClCompile Include="GameObject.cpp">
      <Filter>Unity</Filter>
    </ClCompile>
    <ClCompile Include="Core.cpp">
      <Filter>Unity</Filter>
    </ClCompile>
    <ClCompile Include="SpriteRenderer.cpp">
      <Filter>Component</Filter>
    </ClCompile>
    <ClCompile Include="Renderer.cpp">
      <Filter>Unity</Filter>
    </ClCompile>
    <ClCompile Include="TransForm.cpp">
      <Filter>Component</Filter>
    </ClCompile>
    <ClCompile Include="RectangleRenderer.cpp">
      <Filter>Component</Filter>
    </ClCompile>
    <ClCompile Include="Spinning.cpp">
      <Filter>Component</Filter>
    </ClCompile>
    <ClCompile Include="TimeManager.cpp">
      <Filter>Manager</Filter>
    </ClCompile>
    <ClCompile Include="ResourceManager.cpp">
      <Filter>Manager</Filter>
    </ClCompile>
    <ClCompile Include="ReferenceCounter.cpp">
      <Filter>소스 파일</Filter>
    </ClCompile>
    <ClCompile Include="AnimationAsset.cpp">
      <Filter>소스 파일</Filter>
    </ClCompile>
    <ClCompile Include="Animator.cpp">
      <Filter>Component</Filter>
    </ClCompile>
    <ClCompile Include="VideoMemoryDisplay.cpp">
      <Filter>Component</Filter>
    </ClCompile>
    <ClCompile Include="InputManager.cpp">
      <Filter>Manager</Filter>
    </ClCompile>
  </ItemGroup>
  <ItemGroup>
    <ResourceCompile Include="Engine.rc">
      <Filter>리소스 파일</Filter>
    </ResourceCompile>
  </ItemGroup>
  <ItemGroup>
    <Image Include="small.ico">
      <Filter>리소스 파일</Filter>
    </Image>
    <Image Include="Engine.ico">
      <Filter>리소스 파일</Filter>
    </Image>
  </ItemGroup>
</Project>